PODS:
  - BFPaperButton (2.0.18):
    - UIColor+BFPaperColors
  - Canvas (0.1.2)
  - Flurry-iOS-SDK/FlurrySDK (7.2.1)
  - FrameAccessor (1.3.2)
  - GraphKit (1.1.1):
    - FrameAccessor (~> 1.3.2)
    - MKFoundationKit/NSArray (~> 1.2.2)
  - MKFoundationKit/NSArray (1.2.3)
  - UIColor+BFPaperColors (1.7.1)

DEPENDENCIES:
  - BFPaperButton (~> 2.0.18)
  - Canvas
  - Flurry-iOS-SDK/FlurrySDK
  - GraphKit

SPEC CHECKSUMS:
  BFPaperButton: 16b3ec9c2964d24f89f623a4113321d3f003ed60
  Canvas: eb861e3b555d032648146c8ffda1a5dea40059ca
  Flurry-iOS-SDK: 014d366cad101f05d4e8c191c0e0c0871d5704f7
  FrameAccessor: 0f7ba6ce37be9a5d0302a27c731dca70af8d438b
  GraphKit: e2336bed87d9313020af525dedbca54b62e93533
  MKFoundationKit: 882d74557944790d4d9e172961ed71d6a66804b7
  UIColor+BFPaperColors: b1efa4320e2f56c4b14f73232faf967ba0e5b4a2

COCOAPODS: 0.39.0
