// !$*UTF8*$!
{
	archiveVersion = 1;
	classes = {
	};
	objectVersion = 46;
	objects = {

/* Begin PBXBuildFile section */
		129C0E8A394CB94A9C89D903 /* libPods.a in Frameworks */ = {isa = PBXBuildFile; fileRef = FE1C545184401C4CB8C2B289 /* libPods.a */; };
		A5035A031BD8129F000E929C /* Interface.storyboard in Resources */ = {isa = PBXBuildFile; fileRef = A5035A011BD8129F000E929C /* Interface.storyboard */; };
		A5035A051BD8129F000E929C /* Assets.xcassets in Resources */ = {isa = PBXBuildFile; fileRef = A5035A041BD8129F000E929C /* Assets.xcassets */; };
		A5035A0C1BD8129F000E929C /* JhanaWatchKit Extension.appex in Embed App Extensions */ = {isa = PBXBuildFile; fileRef = A5035A0B1BD8129F000E929C /* JhanaWatchKit Extension.appex */; settings = {ATTRIBUTES = (RemoveHeadersOnCopy, ); }; };
		A5035A171BD8129F000E929C /* ExtensionDelegate.m in Sources */ = {isa = PBXBuildFile; fileRef = A5035A161BD8129F000E929C /* ExtensionDelegate.m */; };
		A5035A1A1BD8129F000E929C /* NotificationController.m in Sources */ = {isa = PBXBuildFile; fileRef = A5035A191BD8129F000E929C /* NotificationController.m */; };
		A5035A1C1BD8129F000E929C /* Assets.xcassets in Resources */ = {isa = PBXBuildFile; fileRef = A5035A1B1BD8129F000E929C /* Assets.xcassets */; };
		A5035A201BD8129F000E929C /* JhanaWatchKit.app in Embed Watch Content */ = {isa = PBXBuildFile; fileRef = A50359FF1BD8129F000E929C /* JhanaWatchKit.app */; };
		A516671B1BE154A200592FC6 /* JHAttentionViewController.m in Sources */ = {isa = PBXBuildFile; fileRef = A516671A1BE154A200592FC6 /* JHAttentionViewController.m */; };
		A566FA951BD9429700FEDB38 /* AttentionInterfaceController.m in Sources */ = {isa = PBXBuildFile; fileRef = A566FA941BD9429700FEDB38 /* AttentionInterfaceController.m */; };
		A566FA981BD942AB00FEDB38 /* LocationInterfaceController.m in Sources */ = {isa = PBXBuildFile; fileRef = A566FA971BD942AB00FEDB38 /* LocationInterfaceController.m */; };
		A566FA9B1BD942B700FEDB38 /* ActionInterfaceController.m in Sources */ = {isa = PBXBuildFile; fileRef = A566FA9A1BD942B700FEDB38 /* ActionInterfaceController.m */; };
		A5F3AE621BE554AA00FBDF8B /* JHLocationViewController.m in Sources */ = {isa = PBXBuildFile; fileRef = A5F3AE611BE554AA00FBDF8B /* JHLocationViewController.m */; };
		A5F3AE651BE5745300FBDF8B /* JHActivityViewController.m in Sources */ = {isa = PBXBuildFile; fileRef = A5F3AE641BE5745300FBDF8B /* JHActivityViewController.m */; };
		A5F3AE681BE5749700FBDF8B /* JHAloneViewController.m in Sources */ = {isa = PBXBuildFile; fileRef = A5F3AE671BE5749700FBDF8B /* JHAloneViewController.m */; };
		A5F3AE6E1BE6C90E00FBDF8B /* JHDetailViewController.m in Sources */ = {isa = PBXBuildFile; fileRef = A5F3AE6D1BE6C90E00FBDF8B /* JHDetailViewController.m */; settings = {ASSET_TAGS = (); }; };
		A5F3AE711BE7126300FBDF8B /* JHGraphViewController.m in Sources */ = {isa = PBXBuildFile; fileRef = A5F3AE701BE7126300FBDF8B /* JHGraphViewController.m */; settings = {ASSET_TAGS = (); }; };
		A5F3AE771BE71C9000FBDF8B /* focused.png in Resources */ = {isa = PBXBuildFile; fileRef = A5F3AE721BE71C9000FBDF8B /* focused.png */; settings = {ASSET_TAGS = (); }; };
		A5F3AE781BE71C9000FBDF8B /* neutral.png in Resources */ = {isa = PBXBuildFile; fileRef = A5F3AE731BE71C9000FBDF8B /* neutral.png */; settings = {ASSET_TAGS = (); }; };
		A5F3AE791BE71C9000FBDF8B /* unfocused.png in Resources */ = {isa = PBXBuildFile; fileRef = A5F3AE741BE71C9000FBDF8B /* unfocused.png */; settings = {ASSET_TAGS = (); }; };
		A5F3AE7A1BE71C9000FBDF8B /* veryFocused.png in Resources */ = {isa = PBXBuildFile; fileRef = A5F3AE751BE71C9000FBDF8B /* veryFocused.png */; settings = {ASSET_TAGS = (); }; };
		A5F3AE7B1BE71C9000FBDF8B /* veryUnfocused.png in Resources */ = {isa = PBXBuildFile; fileRef = A5F3AE761BE71C9000FBDF8B /* veryUnfocused.png */; settings = {ASSET_TAGS = (); }; };
		F64A033A1BD7E70C0082761C /* TPTabBarController.m in Sources */ = {isa = PBXBuildFile; fileRef = F64A03391BD7E70C0082761C /* TPTabBarController.m */; };
		F681D0F01BE69E8D006AD833 /* JHTableViewCell.m in Sources */ = {isa = PBXBuildFile; fileRef = F681D0EE1BE69E8D006AD833 /* JHTableViewCell.m */; };
		F681D0F11BE69E8D006AD833 /* JHTableViewCell.xib in Resources */ = {isa = PBXBuildFile; fileRef = F681D0EF1BE69E8D006AD833 /* JHTableViewCell.xib */; };
		F6AA36C91BC5B9E0007F4F26 /* main.m in Sources */ = {isa = PBXBuildFile; fileRef = F6AA36C81BC5B9E0007F4F26 /* main.m */; };
		F6AA36CC1BC5B9E0007F4F26 /* AppDelegate.m in Sources */ = {isa = PBXBuildFile; fileRef = F6AA36CB1BC5B9E0007F4F26 /* AppDelegate.m */; };
		F6AA36D21BC5B9E0007F4F26 /* Main.storyboard in Resources */ = {isa = PBXBuildFile; fileRef = F6AA36D01BC5B9E0007F4F26 /* Main.storyboard */; };
		F6AA36D51BC5B9E0007F4F26 /* Jhana.xcdatamodeld in Sources */ = {isa = PBXBuildFile; fileRef = F6AA36D31BC5B9E0007F4F26 /* Jhana.xcdatamodeld */; };
		F6AA36D71BC5B9E0007F4F26 /* Assets.xcassets in Resources */ = {isa = PBXBuildFile; fileRef = F6AA36D61BC5B9E0007F4F26 /* Assets.xcassets */; };
		F6AA36DA1BC5B9E0007F4F26 /* LaunchScreen.storyboard in Resources */ = {isa = PBXBuildFile; fileRef = F6AA36D81BC5B9E0007F4F26 /* LaunchScreen.storyboard */; };
		F6AA36E51BC5B9E0007F4F26 /* JhanaTests.m in Sources */ = {isa = PBXBuildFile; fileRef = F6AA36E41BC5B9E0007F4F26 /* JhanaTests.m */; };
		F6AA36F01BC5B9E0007F4F26 /* JhanaUITests.m in Sources */ = {isa = PBXBuildFile; fileRef = F6AA36EF1BC5B9E0007F4F26 /* JhanaUITests.m */; };
		F6AA36FF1BC5BA69007F4F26 /* JHListViewController.m in Sources */ = {isa = PBXBuildFile; fileRef = F6AA36FE1BC5BA69007F4F26 /* JHListViewController.m */; };
/* End PBXBuildFile section */

/* Begin PBXContainerItemProxy section */
		A5035A0D1BD8129F000E929C /* PBXContainerItemProxy */ = {
			isa = PBXContainerItemProxy;
			containerPortal = F6AA36BC1BC5B9E0007F4F26 /* Project object */;
			proxyType = 1;
			remoteGlobalIDString = A5035A0A1BD8129F000E929C;
			remoteInfo = "JhanaWatchKit Extension";
		};
		A5035A1E1BD8129F000E929C /* PBXContainerItemProxy */ = {
			isa = PBXContainerItemProxy;
			containerPortal = F6AA36BC1BC5B9E0007F4F26 /* Project object */;
			proxyType = 1;
			remoteGlobalIDString = A50359FE1BD8129F000E929C;
			remoteInfo = JhanaWatchKit;
		};
		F6AA36E11BC5B9E0007F4F26 /* PBXContainerItemProxy */ = {
			isa = PBXContainerItemProxy;
			containerPortal = F6AA36BC1BC5B9E0007F4F26 /* Project object */;
			proxyType = 1;
			remoteGlobalIDString = F6AA36C31BC5B9E0007F4F26;
			remoteInfo = Jhana;
		};
		F6AA36EC1BC5B9E0007F4F26 /* PBXContainerItemProxy */ = {
			isa = PBXContainerItemProxy;
			containerPortal = F6AA36BC1BC5B9E0007F4F26 /* Project object */;
			proxyType = 1;
			remoteGlobalIDString = F6AA36C31BC5B9E0007F4F26;
			remoteInfo = Jhana;
		};
/* End PBXContainerItemProxy section */

/* Begin PBXCopyFilesBuildPhase section */
		A5035A261BD8129F000E929C /* Embed App Extensions */ = {
			isa = PBXCopyFilesBuildPhase;
			buildActionMask = 2147483647;
			dstPath = "";
			dstSubfolderSpec = 13;
			files = (
				A5035A0C1BD8129F000E929C /* JhanaWatchKit Extension.appex in Embed App Extensions */,
			);
			name = "Embed App Extensions";
			runOnlyForDeploymentPostprocessing = 0;
		};
		A5035A281BD8129F000E929C /* Embed Watch Content */ = {
			isa = PBXCopyFilesBuildPhase;
			buildActionMask = 2147483647;
			dstPath = "$(CONTENTS_FOLDER_PATH)/Watch";
			dstSubfolderSpec = 16;
			files = (
				A5035A201BD8129F000E929C /* JhanaWatchKit.app in Embed Watch Content */,
			);
			name = "Embed Watch Content";
			runOnlyForDeploymentPostprocessing = 0;
		};
/* End PBXCopyFilesBuildPhase section */

/* Begin PBXFileReference section */
		454D21EE6CA1A989C893209D /* Pods.release.xcconfig */ = {isa = PBXFileReference; includeInIndex = 1; lastKnownFileType = text.xcconfig; name = Pods.release.xcconfig; path = "Pods/Target Support Files/Pods/Pods.release.xcconfig"; sourceTree = "<group>"; };
		62C6D2DB4582586F7CA2F303 /* Pods.debug.xcconfig */ = {isa = PBXFileReference; includeInIndex = 1; lastKnownFileType = text.xcconfig; name = Pods.debug.xcconfig; path = "Pods/Target Support Files/Pods/Pods.debug.xcconfig"; sourceTree = "<group>"; };
		A50359FF1BD8129F000E929C /* JhanaWatchKit.app */ = {isa = PBXFileReference; explicitFileType = wrapper.application; includeInIndex = 0; path = JhanaWatchKit.app; sourceTree = BUILT_PRODUCTS_DIR; };
		A5035A021BD8129F000E929C /* Base */ = {isa = PBXFileReference; lastKnownFileType = file.storyboard; name = Base; path = Base.lproj/Interface.storyboard; sourceTree = "<group>"; };
		A5035A041BD8129F000E929C /* Assets.xcassets */ = {isa = PBXFileReference; lastKnownFileType = folder.assetcatalog; path = Assets.xcassets; sourceTree = "<group>"; };
		A5035A061BD8129F000E929C /* Info.plist */ = {isa = PBXFileReference; lastKnownFileType = text.plist.xml; path = Info.plist; sourceTree = "<group>"; };
		A5035A0B1BD8129F000E929C /* JhanaWatchKit Extension.appex */ = {isa = PBXFileReference; explicitFileType = "wrapper.app-extension"; includeInIndex = 0; path = "JhanaWatchKit Extension.appex"; sourceTree = BUILT_PRODUCTS_DIR; };
		A5035A111BD8129F000E929C /* PushNotificationPayload.apns */ = {isa = PBXFileReference; lastKnownFileType = text; path = PushNotificationPayload.apns; sourceTree = "<group>"; };
		A5035A151BD8129F000E929C /* ExtensionDelegate.h */ = {isa = PBXFileReference; lastKnownFileType = sourcecode.c.h; path = ExtensionDelegate.h; sourceTree = "<group>"; };
		A5035A161BD8129F000E929C /* ExtensionDelegate.m */ = {isa = PBXFileReference; lastKnownFileType = sourcecode.c.objc; path = ExtensionDelegate.m; sourceTree = "<group>"; };
		A5035A181BD8129F000E929C /* NotificationController.h */ = {isa = PBXFileReference; lastKnownFileType = sourcecode.c.h; path = NotificationController.h; sourceTree = "<group>"; };
		A5035A191BD8129F000E929C /* NotificationController.m */ = {isa = PBXFileReference; lastKnownFileType = sourcecode.c.objc; path = NotificationController.m; sourceTree = "<group>"; };
		A5035A1B1BD8129F000E929C /* Assets.xcassets */ = {isa = PBXFileReference; lastKnownFileType = folder.assetcatalog; path = Assets.xcassets; sourceTree = "<group>"; };
		A5035A1D1BD8129F000E929C /* Info.plist */ = {isa = PBXFileReference; lastKnownFileType = text.plist.xml; path = Info.plist; sourceTree = "<group>"; };
		A51667191BE154A200592FC6 /* JHAttentionViewController.h */ = {isa = PBXFileReference; fileEncoding = 4; lastKnownFileType = sourcecode.c.h; path = JHAttentionViewController.h; sourceTree = "<group>"; };
		A516671A1BE154A200592FC6 /* JHAttentionViewController.m */ = {isa = PBXFileReference; fileEncoding = 4; lastKnownFileType = sourcecode.c.objc; path = JHAttentionViewController.m; sourceTree = "<group>"; };
		A566FA931BD9429700FEDB38 /* AttentionInterfaceController.h */ = {isa = PBXFileReference; fileEncoding = 4; lastKnownFileType = sourcecode.c.h; path = AttentionInterfaceController.h; sourceTree = "<group>"; };
		A566FA941BD9429700FEDB38 /* AttentionInterfaceController.m */ = {isa = PBXFileReference; fileEncoding = 4; lastKnownFileType = sourcecode.c.objc; path = AttentionInterfaceController.m; sourceTree = "<group>"; };
		A566FA961BD942AB00FEDB38 /* LocationInterfaceController.h */ = {isa = PBXFileReference; fileEncoding = 4; lastKnownFileType = sourcecode.c.h; path = LocationInterfaceController.h; sourceTree = "<group>"; };
		A566FA971BD942AB00FEDB38 /* LocationInterfaceController.m */ = {isa = PBXFileReference; fileEncoding = 4; lastKnownFileType = sourcecode.c.objc; path = LocationInterfaceController.m; sourceTree = "<group>"; };
		A566FA991BD942B700FEDB38 /* ActionInterfaceController.h */ = {isa = PBXFileReference; fileEncoding = 4; lastKnownFileType = sourcecode.c.h; path = ActionInterfaceController.h; sourceTree = "<group>"; };
		A566FA9A1BD942B700FEDB38 /* ActionInterfaceController.m */ = {isa = PBXFileReference; fileEncoding = 4; lastKnownFileType = sourcecode.c.objc; path = ActionInterfaceController.m; sourceTree = "<group>"; };
		A5F3AE601BE554AA00FBDF8B /* JHLocationViewController.h */ = {isa = PBXFileReference; fileEncoding = 4; lastKnownFileType = sourcecode.c.h; path = JHLocationViewController.h; sourceTree = "<group>"; };
		A5F3AE611BE554AA00FBDF8B /* JHLocationViewController.m */ = {isa = PBXFileReference; fileEncoding = 4; lastKnownFileType = sourcecode.c.objc; path = JHLocationViewController.m; sourceTree = "<group>"; };
		A5F3AE631BE5745300FBDF8B /* JHActivityViewController.h */ = {isa = PBXFileReference; fileEncoding = 4; lastKnownFileType = sourcecode.c.h; path = JHActivityViewController.h; sourceTree = "<group>"; };
		A5F3AE641BE5745300FBDF8B /* JHActivityViewController.m */ = {isa = PBXFileReference; fileEncoding = 4; lastKnownFileType = sourcecode.c.objc; path = JHActivityViewController.m; sourceTree = "<group>"; };
		A5F3AE661BE5749700FBDF8B /* JHAloneViewController.h */ = {isa = PBXFileReference; fileEncoding = 4; lastKnownFileType = sourcecode.c.h; path = JHAloneViewController.h; sourceTree = "<group>"; };
		A5F3AE671BE5749700FBDF8B /* JHAloneViewController.m */ = {isa = PBXFileReference; fileEncoding = 4; lastKnownFileType = sourcecode.c.objc; path = JHAloneViewController.m; sourceTree = "<group>"; };
		A5F3AE6C1BE6C90E00FBDF8B /* JHDetailViewController.h */ = {isa = PBXFileReference; fileEncoding = 4; lastKnownFileType = sourcecode.c.h; path = JHDetailViewController.h; sourceTree = "<group>"; };
		A5F3AE6D1BE6C90E00FBDF8B /* JHDetailViewController.m */ = {isa = PBXFileReference; fileEncoding = 4; lastKnownFileType = sourcecode.c.objc; path = JHDetailViewController.m; sourceTree = "<group>"; };
		A5F3AE6F1BE7126300FBDF8B /* JHGraphViewController.h */ = {isa = PBXFileReference; fileEncoding = 4; lastKnownFileType = sourcecode.c.h; path = JHGraphViewController.h; sourceTree = "<group>"; };
		A5F3AE701BE7126300FBDF8B /* JHGraphViewController.m */ = {isa = PBXFileReference; fileEncoding = 4; lastKnownFileType = sourcecode.c.objc; path = JHGraphViewController.m; sourceTree = "<group>"; };
		A5F3AE721BE71C9000FBDF8B /* focused.png */ = {isa = PBXFileReference; lastKnownFileType = image.png; path = focused.png; sourceTree = "<group>"; };
		A5F3AE731BE71C9000FBDF8B /* neutral.png */ = {isa = PBXFileReference; lastKnownFileType = image.png; path = neutral.png; sourceTree = "<group>"; };
		A5F3AE741BE71C9000FBDF8B /* unfocused.png */ = {isa = PBXFileReference; lastKnownFileType = image.png; path = unfocused.png; sourceTree = "<group>"; };
		A5F3AE751BE71C9000FBDF8B /* veryFocused.png */ = {isa = PBXFileReference; lastKnownFileType = image.png; path = veryFocused.png; sourceTree = "<group>"; };
		A5F3AE761BE71C9000FBDF8B /* veryUnfocused.png */ = {isa = PBXFileReference; lastKnownFileType = image.png; path = veryUnfocused.png; sourceTree = "<group>"; };
		F64A03381BD7E70C0082761C /* TPTabBarController.h */ = {isa = PBXFileReference; fileEncoding = 4; lastKnownFileType = sourcecode.c.h; path = TPTabBarController.h; sourceTree = "<group>"; };
		F64A03391BD7E70C0082761C /* TPTabBarController.m */ = {isa = PBXFileReference; fileEncoding = 4; lastKnownFileType = sourcecode.c.objc; path = TPTabBarController.m; sourceTree = "<group>"; };
		F681D0ED1BE69E8D006AD833 /* JHTableViewCell.h */ = {isa = PBXFileReference; fileEncoding = 4; lastKnownFileType = sourcecode.c.h; path = JHTableViewCell.h; sourceTree = "<group>"; };
		F681D0EE1BE69E8D006AD833 /* JHTableViewCell.m */ = {isa = PBXFileReference; fileEncoding = 4; lastKnownFileType = sourcecode.c.objc; path = JHTableViewCell.m; sourceTree = "<group>"; };
		F681D0EF1BE69E8D006AD833 /* JHTableViewCell.xib */ = {isa = PBXFileReference; fileEncoding = 4; lastKnownFileType = file.xib; path = JHTableViewCell.xib; sourceTree = "<group>"; };
		F6AA36C41BC5B9E0007F4F26 /* Jhana.app */ = {isa = PBXFileReference; explicitFileType = wrapper.application; includeInIndex = 0; path = Jhana.app; sourceTree = BUILT_PRODUCTS_DIR; };
		F6AA36C81BC5B9E0007F4F26 /* main.m */ = {isa = PBXFileReference; lastKnownFileType = sourcecode.c.objc; path = main.m; sourceTree = "<group>"; };
		F6AA36CA1BC5B9E0007F4F26 /* AppDelegate.h */ = {isa = PBXFileReference; lastKnownFileType = sourcecode.c.h; path = AppDelegate.h; sourceTree = "<group>"; };
		F6AA36CB1BC5B9E0007F4F26 /* AppDelegate.m */ = {isa = PBXFileReference; lastKnownFileType = sourcecode.c.objc; path = AppDelegate.m; sourceTree = "<group>"; };
		F6AA36D11BC5B9E0007F4F26 /* Base */ = {isa = PBXFileReference; lastKnownFileType = file.storyboard; name = Base; path = Base.lproj/Main.storyboard; sourceTree = "<group>"; };
		F6AA36D41BC5B9E0007F4F26 /* Jhana.xcdatamodel */ = {isa = PBXFileReference; lastKnownFileType = wrapper.xcdatamodel; path = Jhana.xcdatamodel; sourceTree = "<group>"; };
		F6AA36D61BC5B9E0007F4F26 /* Assets.xcassets */ = {isa = PBXFileReference; lastKnownFileType = folder.assetcatalog; path = Assets.xcassets; sourceTree = "<group>"; };
		F6AA36D91BC5B9E0007F4F26 /* Base */ = {isa = PBXFileReference; lastKnownFileType = file.storyboard; name = Base; path = Base.lproj/LaunchScreen.storyboard; sourceTree = "<group>"; };
		F6AA36DB1BC5B9E0007F4F26 /* Info.plist */ = {isa = PBXFileReference; lastKnownFileType = text.plist.xml; path = Info.plist; sourceTree = "<group>"; };
		F6AA36E01BC5B9E0007F4F26 /* JhanaTests.xctest */ = {isa = PBXFileReference; explicitFileType = wrapper.cfbundle; includeInIndex = 0; path = JhanaTests.xctest; sourceTree = BUILT_PRODUCTS_DIR; };
		F6AA36E41BC5B9E0007F4F26 /* JhanaTests.m */ = {isa = PBXFileReference; lastKnownFileType = sourcecode.c.objc; path = JhanaTests.m; sourceTree = "<group>"; };
		F6AA36E61BC5B9E0007F4F26 /* Info.plist */ = {isa = PBXFileReference; lastKnownFileType = text.plist.xml; path = Info.plist; sourceTree = "<group>"; };
		F6AA36EB1BC5B9E0007F4F26 /* JhanaUITests.xctest */ = {isa = PBXFileReference; explicitFileType = wrapper.cfbundle; includeInIndex = 0; path = JhanaUITests.xctest; sourceTree = BUILT_PRODUCTS_DIR; };
		F6AA36EF1BC5B9E0007F4F26 /* JhanaUITests.m */ = {isa = PBXFileReference; lastKnownFileType = sourcecode.c.objc; path = JhanaUITests.m; sourceTree = "<group>"; };
		F6AA36F11BC5B9E0007F4F26 /* Info.plist */ = {isa = PBXFileReference; lastKnownFileType = text.plist.xml; path = Info.plist; sourceTree = "<group>"; };
		F6AA36FD1BC5BA69007F4F26 /* JHListViewController.h */ = {isa = PBXFileReference; fileEncoding = 4; lastKnownFileType = sourcecode.c.h; path = JHListViewController.h; sourceTree = "<group>"; };
		F6AA36FE1BC5BA69007F4F26 /* JHListViewController.m */ = {isa = PBXFileReference; fileEncoding = 4; lastKnownFileType = sourcecode.c.objc; path = JHListViewController.m; sourceTree = "<group>"; };
		FE1C545184401C4CB8C2B289 /* libPods.a */ = {isa = PBXFileReference; explicitFileType = archive.ar; includeInIndex = 0; path = libPods.a; sourceTree = BUILT_PRODUCTS_DIR; };
/* End PBXFileReference section */

/* Begin PBXFrameworksBuildPhase section */
		A5035A081BD8129F000E929C /* Frameworks */ = {
			isa = PBXFrameworksBuildPhase;
			buildActionMask = 2147483647;
			files = (
			);
			runOnlyForDeploymentPostprocessing = 0;
		};
		F6AA36C11BC5B9E0007F4F26 /* Frameworks */ = {
			isa = PBXFrameworksBuildPhase;
			buildActionMask = 2147483647;
			files = (
				129C0E8A394CB94A9C89D903 /* libPods.a in Frameworks */,
			);
			runOnlyForDeploymentPostprocessing = 0;
		};
		F6AA36DD1BC5B9E0007F4F26 /* Frameworks */ = {
			isa = PBXFrameworksBuildPhase;
			buildActionMask = 2147483647;
			files = (
			);
			runOnlyForDeploymentPostprocessing = 0;
		};
		F6AA36E81BC5B9E0007F4F26 /* Frameworks */ = {
			isa = PBXFrameworksBuildPhase;
			buildActionMask = 2147483647;
			files = (
			);
			runOnlyForDeploymentPostprocessing = 0;
		};
/* End PBXFrameworksBuildPhase section */

/* Begin PBXGroup section */
		A5035A001BD8129F000E929C /* JhanaWatchKit */ = {
			isa = PBXGroup;
			children = (
				A516671D1BE16BC600592FC6 /* Images */,
				A5035A011BD8129F000E929C /* Interface.storyboard */,
				A5035A041BD8129F000E929C /* Assets.xcassets */,
				A5035A061BD8129F000E929C /* Info.plist */,
			);
			path = JhanaWatchKit;
			sourceTree = "<group>";
		};
		A5035A0F1BD8129F000E929C /* JhanaWatchKit Extension */ = {
			isa = PBXGroup;
			children = (
				A5035A151BD8129F000E929C /* ExtensionDelegate.h */,
				A5035A161BD8129F000E929C /* ExtensionDelegate.m */,
				A5035A181BD8129F000E929C /* NotificationController.h */,
				A5035A191BD8129F000E929C /* NotificationController.m */,
				A5035A1B1BD8129F000E929C /* Assets.xcassets */,
				A5035A1D1BD8129F000E929C /* Info.plist */,
				A5035A101BD8129F000E929C /* Supporting Files */,
				A566FA931BD9429700FEDB38 /* AttentionInterfaceController.h */,
				A566FA941BD9429700FEDB38 /* AttentionInterfaceController.m */,
				A566FA961BD942AB00FEDB38 /* LocationInterfaceController.h */,
				A566FA971BD942AB00FEDB38 /* LocationInterfaceController.m */,
				A566FA991BD942B700FEDB38 /* ActionInterfaceController.h */,
				A566FA9A1BD942B700FEDB38 /* ActionInterfaceController.m */,
			);
			path = "JhanaWatchKit Extension";
			sourceTree = "<group>";
		};
		A5035A101BD8129F000E929C /* Supporting Files */ = {
			isa = PBXGroup;
			children = (
				A5035A111BD8129F000E929C /* PushNotificationPayload.apns */,
			);
			name = "Supporting Files";
			sourceTree = "<group>";
		};
		A516671D1BE16BC600592FC6 /* Images */ = {
			isa = PBXGroup;
			children = (
				A5F3AE721BE71C9000FBDF8B /* focused.png */,
				A5F3AE731BE71C9000FBDF8B /* neutral.png */,
				A5F3AE741BE71C9000FBDF8B /* unfocused.png */,
				A5F3AE751BE71C9000FBDF8B /* veryFocused.png */,
				A5F3AE761BE71C9000FBDF8B /* veryUnfocused.png */,
			);
			name = Images;
			sourceTree = "<group>";
		};
		C05A1752B810ACD679593C54 /* Pods */ = {
			isa = PBXGroup;
			children = (
				62C6D2DB4582586F7CA2F303 /* Pods.debug.xcconfig */,
				454D21EE6CA1A989C893209D /* Pods.release.xcconfig */,
			);
			name = Pods;
			sourceTree = "<group>";
		};
		D1F8C02E38933CC754EDEA1B /* Frameworks */ = {
			isa = PBXGroup;
			children = (
				FE1C545184401C4CB8C2B289 /* libPods.a */,
			);
			name = Frameworks;
			sourceTree = "<group>";
		};
		F6AA36BB1BC5B9E0007F4F26 = {
			isa = PBXGroup;
			children = (
				F6AA36C61BC5B9E0007F4F26 /* Jhana */,
				F6AA36E31BC5B9E0007F4F26 /* JhanaTests */,
				F6AA36EE1BC5B9E0007F4F26 /* JhanaUITests */,
				A5035A001BD8129F000E929C /* JhanaWatchKit */,
				A5035A0F1BD8129F000E929C /* JhanaWatchKit Extension */,
				F6AA36C51BC5B9E0007F4F26 /* Products */,
				C05A1752B810ACD679593C54 /* Pods */,
				D1F8C02E38933CC754EDEA1B /* Frameworks */,
			);
			sourceTree = "<group>";
		};
		F6AA36C51BC5B9E0007F4F26 /* Products */ = {
			isa = PBXGroup;
			children = (
				F6AA36C41BC5B9E0007F4F26 /* Jhana.app */,
				F6AA36E01BC5B9E0007F4F26 /* JhanaTests.xctest */,
				F6AA36EB1BC5B9E0007F4F26 /* JhanaUITests.xctest */,
				A50359FF1BD8129F000E929C /* JhanaWatchKit.app */,
				A5035A0B1BD8129F000E929C /* JhanaWatchKit Extension.appex */,
			);
			name = Products;
			sourceTree = "<group>";
		};
		F6AA36C61BC5B9E0007F4F26 /* Jhana */ = {
			isa = PBXGroup;
			children = (
				F6AA36CA1BC5B9E0007F4F26 /* AppDelegate.h */,
				F6AA36CB1BC5B9E0007F4F26 /* AppDelegate.m */,
				F6AA36D01BC5B9E0007F4F26 /* Main.storyboard */,
				F64A03381BD7E70C0082761C /* TPTabBarController.h */,
				F64A03391BD7E70C0082761C /* TPTabBarController.m */,
				F6AA36D61BC5B9E0007F4F26 /* Assets.xcassets */,
				F6AA36D81BC5B9E0007F4F26 /* LaunchScreen.storyboard */,
				F6AA36DB1BC5B9E0007F4F26 /* Info.plist */,
				F6AA36D31BC5B9E0007F4F26 /* Jhana.xcdatamodeld */,
				F6AA36C71BC5B9E0007F4F26 /* Supporting Files */,
				F6AA36FD1BC5BA69007F4F26 /* JHListViewController.h */,
				F6AA36FE1BC5BA69007F4F26 /* JHListViewController.m */,
				A5F3AE6F1BE7126300FBDF8B /* JHGraphViewController.h */,
				A5F3AE701BE7126300FBDF8B /* JHGraphViewController.m */,
				A51667191BE154A200592FC6 /* JHAttentionViewController.h */,
				A516671A1BE154A200592FC6 /* JHAttentionViewController.m */,
				A5F3AE601BE554AA00FBDF8B /* JHLocationViewController.h */,
				A5F3AE611BE554AA00FBDF8B /* JHLocationViewController.m */,
				A5F3AE631BE5745300FBDF8B /* JHActivityViewController.h */,
				A5F3AE641BE5745300FBDF8B /* JHActivityViewController.m */,
				A5F3AE661BE5749700FBDF8B /* JHAloneViewController.h */,
				A5F3AE671BE5749700FBDF8B /* JHAloneViewController.m */,
				F681D0ED1BE69E8D006AD833 /* JHTableViewCell.h */,
				F681D0EE1BE69E8D006AD833 /* JHTableViewCell.m */,
				F681D0EF1BE69E8D006AD833 /* JHTableViewCell.xib */,
				A5F3AE6C1BE6C90E00FBDF8B /* JHDetailViewController.h */,
				A5F3AE6D1BE6C90E00FBDF8B /* JHDetailViewController.m */,
			);
			path = Jhana;
			sourceTree = "<group>";
		};
		F6AA36C71BC5B9E0007F4F26 /* Supporting Files */ = {
			isa = PBXGroup;
			children = (
				F6AA36C81BC5B9E0007F4F26 /* main.m */,
			);
			name = "Supporting Files";
			sourceTree = "<group>";
		};
		F6AA36E31BC5B9E0007F4F26 /* JhanaTests */ = {
			isa = PBXGroup;
			children = (
				F6AA36E41BC5B9E0007F4F26 /* JhanaTests.m */,
				F6AA36E61BC5B9E0007F4F26 /* Info.plist */,
			);
			path = JhanaTests;
			sourceTree = "<group>";
		};
		F6AA36EE1BC5B9E0007F4F26 /* JhanaUITests */ = {
			isa = PBXGroup;
			children = (
				F6AA36EF1BC5B9E0007F4F26 /* JhanaUITests.m */,
				F6AA36F11BC5B9E0007F4F26 /* Info.plist */,
			);
			path = JhanaUITests;
			sourceTree = "<group>";
		};
/* End PBXGroup section */

/* Begin PBXNativeTarget section */
		A50359FE1BD8129F000E929C /* JhanaWatchKit */ = {
			isa = PBXNativeTarget;
			buildConfigurationList = A5035A271BD8129F000E929C /* Build configuration list for PBXNativeTarget "JhanaWatchKit" */;
			buildPhases = (
				A50359FD1BD8129F000E929C /* Resources */,
				A5035A261BD8129F000E929C /* Embed App Extensions */,
			);
			buildRules = (
			);
			dependencies = (
				A5035A0E1BD8129F000E929C /* PBXTargetDependency */,
			);
			name = JhanaWatchKit;
			productName = JhanaWatchKit;
			productReference = A50359FF1BD8129F000E929C /* JhanaWatchKit.app */;
			productType = "com.apple.product-type.application.watchapp2";
		};
		A5035A0A1BD8129F000E929C /* JhanaWatchKit Extension */ = {
			isa = PBXNativeTarget;
			buildConfigurationList = A5035A251BD8129F000E929C /* Build configuration list for PBXNativeTarget "JhanaWatchKit Extension" */;
			buildPhases = (
				A5035A071BD8129F000E929C /* Sources */,
				A5035A081BD8129F000E929C /* Frameworks */,
				A5035A091BD8129F000E929C /* Resources */,
			);
			buildRules = (
			);
			dependencies = (
			);
			name = "JhanaWatchKit Extension";
			productName = "JhanaWatchKit Extension";
			productReference = A5035A0B1BD8129F000E929C /* JhanaWatchKit Extension.appex */;
			productType = "com.apple.product-type.watchkit2-extension";
		};
		F6AA36C31BC5B9E0007F4F26 /* Jhana */ = {
			isa = PBXNativeTarget;
			buildConfigurationList = F6AA36F41BC5B9E0007F4F26 /* Build configuration list for PBXNativeTarget "Jhana" */;
			buildPhases = (
				049A874CDF1FE13988EB23EB /* Check Pods Manifest.lock */,
				F6AA36C01BC5B9E0007F4F26 /* Sources */,
				F6AA36C11BC5B9E0007F4F26 /* Frameworks */,
				F6AA36C21BC5B9E0007F4F26 /* Resources */,
				D0A1A5AD8403505630AF7378 /* Copy Pods Resources */,
				1B7F13A90A925B72676C19AA /* Embed Pods Frameworks */,
				A5035A281BD8129F000E929C /* Embed Watch Content */,
			);
			buildRules = (
			);
			dependencies = (
				A5035A1F1BD8129F000E929C /* PBXTargetDependency */,
			);
			name = Jhana;
			productName = Jhana;
			productReference = F6AA36C41BC5B9E0007F4F26 /* Jhana.app */;
			productType = "com.apple.product-type.application";
		};
		F6AA36DF1BC5B9E0007F4F26 /* JhanaTests */ = {
			isa = PBXNativeTarget;
			buildConfigurationList = F6AA36F71BC5B9E0007F4F26 /* Build configuration list for PBXNativeTarget "JhanaTests" */;
			buildPhases = (
				F6AA36DC1BC5B9E0007F4F26 /* Sources */,
				F6AA36DD1BC5B9E0007F4F26 /* Frameworks */,
				F6AA36DE1BC5B9E0007F4F26 /* Resources */,
			);
			buildRules = (
			);
			dependencies = (
				F6AA36E21BC5B9E0007F4F26 /* PBXTargetDependency */,
			);
			name = JhanaTests;
			productName = JhanaTests;
			productReference = F6AA36E01BC5B9E0007F4F26 /* JhanaTests.xctest */;
			productType = "com.apple.product-type.bundle.unit-test";
		};
		F6AA36EA1BC5B9E0007F4F26 /* JhanaUITests */ = {
			isa = PBXNativeTarget;
			buildConfigurationList = F6AA36FA1BC5B9E0007F4F26 /* Build configuration list for PBXNativeTarget "JhanaUITests" */;
			buildPhases = (
				F6AA36E71BC5B9E0007F4F26 /* Sources */,
				F6AA36E81BC5B9E0007F4F26 /* Frameworks */,
				F6AA36E91BC5B9E0007F4F26 /* Resources */,
			);
			buildRules = (
			);
			dependencies = (
				F6AA36ED1BC5B9E0007F4F26 /* PBXTargetDependency */,
			);
			name = JhanaUITests;
			productName = JhanaUITests;
			productReference = F6AA36EB1BC5B9E0007F4F26 /* JhanaUITests.xctest */;
			productType = "com.apple.product-type.bundle.ui-testing";
		};
/* End PBXNativeTarget section */

/* Begin PBXProject section */
		F6AA36BC1BC5B9E0007F4F26 /* Project object */ = {
			isa = PBXProject;
			attributes = {
				LastUpgradeCheck = 0700;
				ORGANIZATIONNAME = TouchTap;
				TargetAttributes = {
					A50359FE1BD8129F000E929C = {
						CreatedOnToolsVersion = 7.0;
					};
					A5035A0A1BD8129F000E929C = {
						CreatedOnToolsVersion = 7.0;
					};
					F6AA36C31BC5B9E0007F4F26 = {
						CreatedOnToolsVersion = 7.0.1;
					};
					F6AA36DF1BC5B9E0007F4F26 = {
						CreatedOnToolsVersion = 7.0.1;
						TestTargetID = F6AA36C31BC5B9E0007F4F26;
					};
					F6AA36EA1BC5B9E0007F4F26 = {
						CreatedOnToolsVersion = 7.0.1;
						TestTargetID = F6AA36C31BC5B9E0007F4F26;
					};
				};
			};
			buildConfigurationList = F6AA36BF1BC5B9E0007F4F26 /* Build configuration list for PBXProject "Jhana" */;
			compatibilityVersion = "Xcode 3.2";
			developmentRegion = English;
			hasScannedForEncodings = 0;
			knownRegions = (
				en,
				Base,
			);
			mainGroup = F6AA36BB1BC5B9E0007F4F26;
			productRefGroup = F6AA36C51BC5B9E0007F4F26 /* Products */;
			projectDirPath = "";
			projectRoot = "";
			targets = (
				F6AA36C31BC5B9E0007F4F26 /* Jhana */,
				F6AA36DF1BC5B9E0007F4F26 /* JhanaTests */,
				F6AA36EA1BC5B9E0007F4F26 /* JhanaUITests */,
				A50359FE1BD8129F000E929C /* JhanaWatchKit */,
				A5035A0A1BD8129F000E929C /* JhanaWatchKit Extension */,
			);
		};
/* End PBXProject section */

/* Begin PBXResourcesBuildPhase section */
		A50359FD1BD8129F000E929C /* Resources */ = {
			isa = PBXResourcesBuildPhase;
			buildActionMask = 2147483647;
			files = (
				A5035A051BD8129F000E929C /* Assets.xcassets in Resources */,
				A5F3AE781BE71C9000FBDF8B /* neutral.png in Resources */,
				A5F3AE791BE71C9000FBDF8B /* unfocused.png in Resources */,
				A5F3AE7A1BE71C9000FBDF8B /* veryFocused.png in Resources */,
				A5F3AE771BE71C9000FBDF8B /* focused.png in Resources */,
				A5035A031BD8129F000E929C /* Interface.storyboard in Resources */,
				A5F3AE7B1BE71C9000FBDF8B /* veryUnfocused.png in Resources */,
			);
			runOnlyForDeploymentPostprocessing = 0;
		};
		A5035A091BD8129F000E929C /* Resources */ = {
			isa = PBXResourcesBuildPhase;
			buildActionMask = 2147483647;
			files = (
				A5035A1C1BD8129F000E929C /* Assets.xcassets in Resources */,
			);
			runOnlyForDeploymentPostprocessing = 0;
		};
		F6AA36C21BC5B9E0007F4F26 /* Resources */ = {
			isa = PBXResourcesBuildPhase;
			buildActionMask = 2147483647;
			files = (
				F6AA36DA1BC5B9E0007F4F26 /* LaunchScreen.storyboard in Resources */,
				F681D0F11BE69E8D006AD833 /* JHTableViewCell.xib in Resources */,
				F6AA36D71BC5B9E0007F4F26 /* Assets.xcassets in Resources */,
				F6AA36D21BC5B9E0007F4F26 /* Main.storyboard in Resources */,
			);
			runOnlyForDeploymentPostprocessing = 0;
		};
		F6AA36DE1BC5B9E0007F4F26 /* Resources */ = {
			isa = PBXResourcesBuildPhase;
			buildActionMask = 2147483647;
			files = (
			);
			runOnlyForDeploymentPostprocessing = 0;
		};
		F6AA36E91BC5B9E0007F4F26 /* Resources */ = {
			isa = PBXResourcesBuildPhase;
			buildActionMask = 2147483647;
			files = (
			);
			runOnlyForDeploymentPostprocessing = 0;
		};
/* End PBXResourcesBuildPhase section */

/* Begin PBXShellScriptBuildPhase section */
		049A874CDF1FE13988EB23EB /* Check Pods Manifest.lock */ = {
			isa = PBXShellScriptBuildPhase;
			buildActionMask = 2147483647;
			files = (
			);
			inputPaths = (
			);
			name = "Check Pods Manifest.lock";
			outputPaths = (
			);
			runOnlyForDeploymentPostprocessing = 0;
			shellPath = /bin/sh;
			shellScript = "diff \"${PODS_ROOT}/../Podfile.lock\" \"${PODS_ROOT}/Manifest.lock\" > /dev/null\nif [[ $? != 0 ]] ; then\n    cat << EOM\nerror: The sandbox is not in sync with the Podfile.lock. Run 'pod install' or update your CocoaPods installation.\nEOM\n    exit 1\nfi\n";
			showEnvVarsInLog = 0;
		};
		1B7F13A90A925B72676C19AA /* Embed Pods Frameworks */ = {
			isa = PBXShellScriptBuildPhase;
			buildActionMask = 2147483647;
			files = (
			);
			inputPaths = (
			);
			name = "Embed Pods Frameworks";
			outputPaths = (
			);
			runOnlyForDeploymentPostprocessing = 0;
			shellPath = /bin/sh;
			shellScript = "\"${SRCROOT}/Pods/Target Support Files/Pods/Pods-frameworks.sh\"\n";
			showEnvVarsInLog = 0;
		};
		D0A1A5AD8403505630AF7378 /* Copy Pods Resources */ = {
			isa = PBXShellScriptBuildPhase;
			buildActionMask = 2147483647;
			files = (
			);
			inputPaths = (
			);
			name = "Copy Pods Resources";
			outputPaths = (
			);
			runOnlyForDeploymentPostprocessing = 0;
			shellPath = /bin/sh;
			shellScript = "\"${SRCROOT}/Pods/Target Support Files/Pods/Pods-resources.sh\"\n";
			showEnvVarsInLog = 0;
		};
/* End PBXShellScriptBuildPhase section */

/* Begin PBXSourcesBuildPhase section */
		A5035A071BD8129F000E929C /* Sources */ = {
			isa = PBXSourcesBuildPhase;
			buildActionMask = 2147483647;
			files = (
				A566FA951BD9429700FEDB38 /* AttentionInterfaceController.m in Sources */,
				A5035A171BD8129F000E929C /* ExtensionDelegate.m in Sources */,
				A5035A1A1BD8129F000E929C /* NotificationController.m in Sources */,
				A566FA981BD942AB00FEDB38 /* LocationInterfaceController.m in Sources */,
				A566FA9B1BD942B700FEDB38 /* ActionInterfaceController.m in Sources */,
			);
			runOnlyForDeploymentPostprocessing = 0;
		};
		F6AA36C01BC5B9E0007F4F26 /* Sources */ = {
			isa = PBXSourcesBuildPhase;
			buildActionMask = 2147483647;
			files = (
				A516671B1BE154A200592FC6 /* JHAttentionViewController.m in Sources */,
				F6AA36D51BC5B9E0007F4F26 /* Jhana.xcdatamodeld in Sources */,
				F6AA36CC1BC5B9E0007F4F26 /* AppDelegate.m in Sources */,
				A5F3AE681BE5749700FBDF8B /* JHAloneViewController.m in Sources */,
				A5F3AE651BE5745300FBDF8B /* JHActivityViewController.m in Sources */,
				A5F3AE6E1BE6C90E00FBDF8B /* JHDetailViewController.m in Sources */,
				F64A033A1BD7E70C0082761C /* TPTabBarController.m in Sources */,
				F6AA36FF1BC5BA69007F4F26 /* JHListViewController.m in Sources */,
				F681D0F01BE69E8D006AD833 /* JHTableViewCell.m in Sources */,
				A5F3AE711BE7126300FBDF8B /* JHGraphViewController.m in Sources */,
				F6AA36C91BC5B9E0007F4F26 /* main.m in Sources */,
				A5F3AE621BE554AA00FBDF8B /* JHLocationViewController.m in Sources */,
			);
			runOnlyForDeploymentPostprocessing = 0;
		};
		F6AA36DC1BC5B9E0007F4F26 /* Sources */ = {
			isa = PBXSourcesBuildPhase;
			buildActionMask = 2147483647;
			files = (
				F6AA36E51BC5B9E0007F4F26 /* JhanaTests.m in Sources */,
			);
			runOnlyForDeploymentPostprocessing = 0;
		};
		F6AA36E71BC5B9E0007F4F26 /* Sources */ = {
			isa = PBXSourcesBuildPhase;
			buildActionMask = 2147483647;
			files = (
				F6AA36F01BC5B9E0007F4F26 /* JhanaUITests.m in Sources */,
			);
			runOnlyForDeploymentPostprocessing = 0;
		};
/* End PBXSourcesBuildPhase section */

/* Begin PBXTargetDependency section */
		A5035A0E1BD8129F000E929C /* PBXTargetDependency */ = {
			isa = PBXTargetDependency;
			target = A5035A0A1BD8129F000E929C /* JhanaWatchKit Extension */;
			targetProxy = A5035A0D1BD8129F000E929C /* PBXContainerItemProxy */;
		};
		A5035A1F1BD8129F000E929C /* PBXTargetDependency */ = {
			isa = PBXTargetDependency;
			target = A50359FE1BD8129F000E929C /* JhanaWatchKit */;
			targetProxy = A5035A1E1BD8129F000E929C /* PBXContainerItemProxy */;
		};
		F6AA36E21BC5B9E0007F4F26 /* PBXTargetDependency */ = {
			isa = PBXTargetDependency;
			target = F6AA36C31BC5B9E0007F4F26 /* Jhana */;
			targetProxy = F6AA36E11BC5B9E0007F4F26 /* PBXContainerItemProxy */;
		};
		F6AA36ED1BC5B9E0007F4F26 /* PBXTargetDependency */ = {
			isa = PBXTargetDependency;
			target = F6AA36C31BC5B9E0007F4F26 /* Jhana */;
			targetProxy = F6AA36EC1BC5B9E0007F4F26 /* PBXContainerItemProxy */;
		};
/* End PBXTargetDependency section */

/* Begin PBXVariantGroup section */
		A5035A011BD8129F000E929C /* Interface.storyboard */ = {
			isa = PBXVariantGroup;
			children = (
				A5035A021BD8129F000E929C /* Base */,
			);
			name = Interface.storyboard;
			sourceTree = "<group>";
		};
		F6AA36D01BC5B9E0007F4F26 /* Main.storyboard */ = {
			isa = PBXVariantGroup;
			children = (
				F6AA36D11BC5B9E0007F4F26 /* Base */,
			);
			name = Main.storyboard;
			sourceTree = "<group>";
		};
		F6AA36D81BC5B9E0007F4F26 /* LaunchScreen.storyboard */ = {
			isa = PBXVariantGroup;
			children = (
				F6AA36D91BC5B9E0007F4F26 /* Base */,
			);
			name = LaunchScreen.storyboard;
			sourceTree = "<group>";
		};
/* End PBXVariantGroup section */

/* Begin XCBuildConfiguration section */
		A5035A211BD8129F000E929C /* Debug */ = {
			isa = XCBuildConfiguration;
			buildSettings = {
				ASSETCATALOG_COMPILER_APPICON_NAME = AppIcon;
				IBSC_MODULE = JhanaWatchKit_Extension;
				INFOPLIST_FILE = JhanaWatchKit/Info.plist;
				PRODUCT_BUNDLE_IDENTIFIER = com.TT.Jhana.watchkitapp;
				PRODUCT_NAME = "$(TARGET_NAME)";
				SDKROOT = watchos;
				SKIP_INSTALL = YES;
				TARGETED_DEVICE_FAMILY = 4;
				WATCHOS_DEPLOYMENT_TARGET = 2.0;
			};
			name = Debug;
		};
		A5035A221BD8129F000E929C /* Release */ = {
			isa = XCBuildConfiguration;
			buildSettings = {
				ASSETCATALOG_COMPILER_APPICON_NAME = AppIcon;
				IBSC_MODULE = JhanaWatchKit_Extension;
				INFOPLIST_FILE = JhanaWatchKit/Info.plist;
				PRODUCT_BUNDLE_IDENTIFIER = com.TT.Jhana.watchkitapp;
				PRODUCT_NAME = "$(TARGET_NAME)";
				SDKROOT = watchos;
				SKIP_INSTALL = YES;
				TARGETED_DEVICE_FAMILY = 4;
				WATCHOS_DEPLOYMENT_TARGET = 2.0;
			};
			name = Release;
		};
		A5035A231BD8129F000E929C /* Debug */ = {
			isa = XCBuildConfiguration;
			buildSettings = {
				INFOPLIST_FILE = "JhanaWatchKit Extension/Info.plist";
				LD_RUNPATH_SEARCH_PATHS = "$(inherited) @executable_path/Frameworks @executable_path/../../Frameworks";
				PRODUCT_BUNDLE_IDENTIFIER = com.TT.Jhana.watchkitapp.watchkitextension;
				PRODUCT_NAME = "${TARGET_NAME}";
				SDKROOT = watchos;
				SKIP_INSTALL = YES;
				TARGETED_DEVICE_FAMILY = 4;
				WATCHOS_DEPLOYMENT_TARGET = 2.0;
			};
			name = Debug;
		};
		A5035A241BD8129F000E929C /* Release */ = {
			isa = XCBuildConfiguration;
			buildSettings = {
				INFOPLIST_FILE = "JhanaWatchKit Extension/Info.plist";
				LD_RUNPATH_SEARCH_PATHS = "$(inherited) @executable_path/Frameworks @executable_path/../../Frameworks";
				PRODUCT_BUNDLE_IDENTIFIER = com.TT.Jhana.watchkitapp.watchkitextension;
				PRODUCT_NAME = "${TARGET_NAME}";
				SDKROOT = watchos;
				SKIP_INSTALL = YES;
				TARGETED_DEVICE_FAMILY = 4;
				WATCHOS_DEPLOYMENT_TARGET = 2.0;
			};
			name = Release;
		};
		F6AA36F21BC5B9E0007F4F26 /* Debug */ = {
			isa = XCBuildConfiguration;
			buildSettings = {
				ALWAYS_SEARCH_USER_PATHS = NO;
				CLANG_CXX_LANGUAGE_STANDARD = "gnu++0x";
				CLANG_CXX_LIBRARY = "libc++";
				CLANG_ENABLE_MODULES = YES;
				CLANG_ENABLE_OBJC_ARC = YES;
				CLANG_WARN_BOOL_CONVERSION = YES;
				CLANG_WARN_CONSTANT_CONVERSION = YES;
				CLANG_WARN_DIRECT_OBJC_ISA_USAGE = YES_ERROR;
				CLANG_WARN_EMPTY_BODY = YES;
				CLANG_WARN_ENUM_CONVERSION = YES;
				CLANG_WARN_INT_CONVERSION = YES;
				CLANG_WARN_OBJC_ROOT_CLASS = YES_ERROR;
				CLANG_WARN_UNREACHABLE_CODE = YES;
				CLANG_WARN__DUPLICATE_METHOD_MATCH = YES;
				"CODE_SIGN_IDENTITY[sdk=iphoneos*]" = "iPhone Developer";
				COPY_PHASE_STRIP = NO;
				DEBUG_INFORMATION_FORMAT = dwarf;
				ENABLE_STRICT_OBJC_MSGSEND = YES;
				ENABLE_TESTABILITY = YES;
				GCC_C_LANGUAGE_STANDARD = gnu99;
				GCC_DYNAMIC_NO_PIC = NO;
				GCC_NO_COMMON_BLOCKS = YES;
				GCC_OPTIMIZATION_LEVEL = 0;
				GCC_PREPROCESSOR_DEFINITIONS = (
					"DEBUG=1",
					"$(inherited)",
				);
				GCC_WARN_64_TO_32_BIT_CONVERSION = YES;
				GCC_WARN_ABOUT_RETURN_TYPE = YES_ERROR;
				GCC_WARN_UNDECLARED_SELECTOR = YES;
				GCC_WARN_UNINITIALIZED_AUTOS = YES_AGGRESSIVE;
				GCC_WARN_UNUSED_FUNCTION = YES;
				GCC_WARN_UNUSED_VARIABLE = YES;
				IPHONEOS_DEPLOYMENT_TARGET = 9.0;
				MTL_ENABLE_DEBUG_INFO = YES;
				ONLY_ACTIVE_ARCH = YES;
				SDKROOT = iphoneos;
			};
			name = Debug;
		};
		F6AA36F31BC5B9E0007F4F26 /* Release */ = {
			isa = XCBuildConfiguration;
			buildSettings = {
				ALWAYS_SEARCH_USER_PATHS = NO;
				CLANG_CXX_LANGUAGE_STANDARD = "gnu++0x";
				CLANG_CXX_LIBRARY = "libc++";
				CLANG_ENABLE_MODULES = YES;
				CLANG_ENABLE_OBJC_ARC = YES;
				CLANG_WARN_BOOL_CONVERSION = YES;
				CLANG_WARN_CONSTANT_CONVERSION = YES;
				CLANG_WARN_DIRECT_OBJC_ISA_USAGE = YES_ERROR;
				CLANG_WARN_EMPTY_BODY = YES;
				CLANG_WARN_ENUM_CONVERSION = YES;
				CLANG_WARN_INT_CONVERSION = YES;
				CLANG_WARN_OBJC_ROOT_CLASS = YES_ERROR;
				CLANG_WARN_UNREACHABLE_CODE = YES;
				CLANG_WARN__DUPLICATE_METHOD_MATCH = YES;
				"CODE_SIGN_IDENTITY[sdk=iphoneos*]" = "iPhone Developer";
				COPY_PHASE_STRIP = NO;
				DEBUG_INFORMATION_FORMAT = "dwarf-with-dsym";
				ENABLE_NS_ASSERTIONS = NO;
				ENABLE_STRICT_OBJC_MSGSEND = YES;
				GCC_C_LANGUAGE_STANDARD = gnu99;
				GCC_NO_COMMON_BLOCKS = YES;
				GCC_WARN_64_TO_32_BIT_CONVERSION = YES;
				GCC_WARN_ABOUT_RETURN_TYPE = YES_ERROR;
				GCC_WARN_UNDECLARED_SELECTOR = YES;
				GCC_WARN_UNINITIALIZED_AUTOS = YES_AGGRESSIVE;
				GCC_WARN_UNUSED_FUNCTION = YES;
				GCC_WARN_UNUSED_VARIABLE = YES;
				IPHONEOS_DEPLOYMENT_TARGET = 9.0;
				MTL_ENABLE_DEBUG_INFO = NO;
				SDKROOT = iphoneos;
				VALIDATE_PRODUCT = YES;
			};
			name = Release;
		};
		F6AA36F51BC5B9E0007F4F26 /* Debug */ = {
			isa = XCBuildConfiguration;
			baseConfigurationReference = 62C6D2DB4582586F7CA2F303 /* Pods.debug.xcconfig */;
			buildSettings = {
				ASSETCATALOG_COMPILER_APPICON_NAME = AppIcon;
				INFOPLIST_FILE = Jhana/Info.plist;
				LD_RUNPATH_SEARCH_PATHS = "$(inherited) @executable_path/Frameworks";
				PRODUCT_BUNDLE_IDENTIFIER = com.TT.Jhana;
				PRODUCT_NAME = "$(TARGET_NAME)";
			};
			name = Debug;
		};
		F6AA36F61BC5B9E0007F4F26 /* Release */ = {
			isa = XCBuildConfiguration;
			baseConfigurationReference = 454D21EE6CA1A989C893209D /* Pods.release.xcconfig */;
			buildSettings = {
				ASSETCATALOG_COMPILER_APPICON_NAME = AppIcon;
				INFOPLIST_FILE = Jhana/Info.plist;
				LD_RUNPATH_SEARCH_PATHS = "$(inherited) @executable_path/Frameworks";
				PRODUCT_BUNDLE_IDENTIFIER = com.TT.Jhana;
				PRODUCT_NAME = "$(TARGET_NAME)";
			};
			name = Release;
		};
		F6AA36F81BC5B9E0007F4F26 /* Debug */ = {
			isa = XCBuildConfiguration;
			buildSettings = {
				BUNDLE_LOADER = "$(TEST_HOST)";
				INFOPLIST_FILE = JhanaTests/Info.plist;
				LD_RUNPATH_SEARCH_PATHS = "$(inherited) @executable_path/Frameworks @loader_path/Frameworks";
				PRODUCT_BUNDLE_IDENTIFIER = com.TT.JhanaTests;
				PRODUCT_NAME = "$(TARGET_NAME)";
				TEST_HOST = "$(BUILT_PRODUCTS_DIR)/Jhana.app/Jhana";
			};
			name = Debug;
		};
		F6AA36F91BC5B9E0007F4F26 /* Release */ = {
			isa = XCBuildConfiguration;
			buildSettings = {
				BUNDLE_LOADER = "$(TEST_HOST)";
				INFOPLIST_FILE = JhanaTests/Info.plist;
				LD_RUNPATH_SEARCH_PATHS = "$(inherited) @executable_path/Frameworks @loader_path/Frameworks";
				PRODUCT_BUNDLE_IDENTIFIER = com.TT.JhanaTests;
				PRODUCT_NAME = "$(TARGET_NAME)";
				TEST_HOST = "$(BUILT_PRODUCTS_DIR)/Jhana.app/Jhana";
			};
			name = Release;
		};
		F6AA36FB1BC5B9E0007F4F26 /* Debug */ = {
			isa = XCBuildConfiguration;
			buildSettings = {
				INFOPLIST_FILE = JhanaUITests/Info.plist;
				LD_RUNPATH_SEARCH_PATHS = "$(inherited) @executable_path/Frameworks @loader_path/Frameworks";
				PRODUCT_BUNDLE_IDENTIFIER = com.TT.JhanaUITests;
				PRODUCT_NAME = "$(TARGET_NAME)";
				TEST_TARGET_NAME = Jhana;
				USES_XCTRUNNER = YES;
			};
			name = Debug;
		};
		F6AA36FC1BC5B9E0007F4F26 /* Release */ = {
			isa = XCBuildConfiguration;
			buildSettings = {
				INFOPLIST_FILE = JhanaUITests/Info.plist;
				LD_RUNPATH_SEARCH_PATHS = "$(inherited) @executable_path/Frameworks @loader_path/Frameworks";
				PRODUCT_BUNDLE_IDENTIFIER = com.TT.JhanaUITests;
				PRODUCT_NAME = "$(TARGET_NAME)";
				TEST_TARGET_NAME = Jhana;
				USES_XCTRUNNER = YES;
			};
			name = Release;
		};
/* End XCBuildConfiguration section */

/* Begin XCConfigurationList section */
		A5035A251BD8129F000E929C /* Build configuration list for PBXNativeTarget "JhanaWatchKit Extension" */ = {
			isa = XCConfigurationList;
			buildConfigurations = (
				A5035A231BD8129F000E929C /* Debug */,
				A5035A241BD8129F000E929C /* Release */,
			);
			defaultConfigurationIsVisible = 0;
			defaultConfigurationName = Release;
		};
		A5035A271BD8129F000E929C /* Build configuration list for PBXNativeTarget "JhanaWatchKit" */ = {
			isa = XCConfigurationList;
			buildConfigurations = (
				A5035A211BD8129F000E929C /* Debug */,
				A5035A221BD8129F000E929C /* Release */,
			);
			defaultConfigurationIsVisible = 0;
			defaultConfigurationName = Release;
		};
		F6AA36BF1BC5B9E0007F4F26 /* Build configuration list for PBXProject "Jhana" */ = {
			isa = XCConfigurationList;
			buildConfigurations = (
				F6AA36F21BC5B9E0007F4F26 /* Debug */,
				F6AA36F31BC5B9E0007F4F26 /* Release */,
			);
			defaultConfigurationIsVisible = 0;
			defaultConfigurationName = Release;
		};
		F6AA36F41BC5B9E0007F4F26 /* Build configuration list for PBXNativeTarget "Jhana" */ = {
			isa = XCConfigurationList;
			buildConfigurations = (
				F6AA36F51BC5B9E0007F4F26 /* Debug */,
				F6AA36F61BC5B9E0007F4F26 /* Release */,
			);
			defaultConfigurationIsVisible = 0;
			defaultConfigurationName = Release;
		};
		F6AA36F71BC5B9E0007F4F26 /* Build configuration list for PBXNativeTarget "JhanaTests" */ = {
			isa = XCConfigurationList;
			buildConfigurations = (
				F6AA36F81BC5B9E0007F4F26 /* Debug */,
				F6AA36F91BC5B9E0007F4F26 /* Release */,
			);
			defaultConfigurationIsVisible = 0;
			defaultConfigurationName = Release;
		};
		F6AA36FA1BC5B9E0007F4F26 /* Build configuration list for PBXNativeTarget "JhanaUITests" */ = {
			isa = XCConfigurationList;
			buildConfigurations = (
				F6AA36FB1BC5B9E0007F4F26 /* Debug */,
				F6AA36FC1BC5B9E0007F4F26 /* Release */,
			);
			defaultConfigurationIsVisible = 0;
			defaultConfigurationName = Release;
		};
/* End XCConfigurationList section */

/* Begin XCVersionGroup section */
		F6AA36D31BC5B9E0007F4F26 /* Jhana.xcdatamodeld */ = {
			isa = XCVersionGroup;
			children = (
				F6AA36D41BC5B9E0007F4F26 /* Jhana.xcdatamodel */,
			);
			currentVersion = F6AA36D41BC5B9E0007F4F26 /* Jhana.xcdatamodel */;
			path = Jhana.xcdatamodeld;
			sourceTree = "<group>";
			versionGroupType = wrapper.xcdatamodel;
		};
/* End XCVersionGroup section */
	};
	rootObject = F6AA36BC1BC5B9E0007F4F26 /* Project object */;
}
